
Microsoft Visual Studio Solution File, Format Version 12.00
# Visual Studio Version 17
VisualStudioVersion = 17.3.32901.215
MinimumVisualStudioVersion = 10.0.40219.1
Project("{FAE04EC0-301F-11D3-BF4B-00C04F79EFBC}") = "WindowsFormsApp2", "WindowsFormsApp2\WindowsFormsApp2.csproj", "{9552B122-6F8B-4351-B3A0-56FDADBB0196}"
EndProject
Global
	GlobalSection(SolutionConfigurationPlatforms) = preSolution
		Debug|Any CPU = Debug|Any CPU
		Release|Any CPU = Release|Any CPU
	EndGlobalSection
	GlobalSection(ProjectConfigurationPlatforms) = postSolution
		{9552B122-6F8B-4351-B3A0-56FDADBB0196}.Debug|Any CPU.ActiveCfg = Debug|Any CPU
		{9552B122-6F8B-4351-B3A0-56FDADBB0196}.Debug|Any CPU.Build.0 = Debug|Any CPU
		{9552B122-6F8B-4351-B3A0-56FDADBB0196}.Release|Any CPU.ActiveCfg = Release|Any CPU
		{9552B122-6F8B-4351-B3A0-56FDADBB0196}.Release|Any CPU.Build.0 = Release|Any CPU
	EndGlobalSection
	GlobalSection(SolutionProperties) = preSolution
		HideSolutionNode = FALSE
	EndGlobalSection
	GlobalSection(ExtensibilityGlobals) = postSolution
		SolutionGuid = {6204BB16-6B94-49F2-8AD7-FAFFF823D2C0}
	EndGlobalSection
EndGlobal
